// !$*UTF8*$!
{
	archiveVersion = 1;
	classes = {
	};
	objectVersion = 50;
	objects = {

/* Begin PBXBuildFile section */
		161DE3B323CE16A700DBBDD9 /* GFEmptyStateView.swift in Sources */ = {isa = PBXBuildFile; fileRef = 161DE3B223CE16A700DBBDD9 /* GFEmptyStateView.swift */; };
		161DE3BE23CF206C00DBBDD9 /* UserInfoVC.swift in Sources */ = {isa = PBXBuildFile; fileRef = 161DE3BD23CF206C00DBBDD9 /* UserInfoVC.swift */; };
		161DF84123BE42CD00B4EBA9 /* GFButton.swift in Sources */ = {isa = PBXBuildFile; fileRef = 161DF84023BE42CD00B4EBA9 /* GFButton.swift */; };
		161DF84323BE451900B4EBA9 /* GFTextField.swift in Sources */ = {isa = PBXBuildFile; fileRef = 161DF84223BE451900B4EBA9 /* GFTextField.swift */; };
		161DF84523BE5C1000B4EBA9 /* FollowerListVC.swift in Sources */ = {isa = PBXBuildFile; fileRef = 161DF84423BE5C1000B4EBA9 /* FollowerListVC.swift */; };
		161DF84723BF47C500B4EBA9 /* GFTitleLabel.swift in Sources */ = {isa = PBXBuildFile; fileRef = 161DF84623BF47C500B4EBA9 /* GFTitleLabel.swift */; };
		161DF84923BF492D00B4EBA9 /* GFBodyLabel.swift in Sources */ = {isa = PBXBuildFile; fileRef = 161DF84823BF492D00B4EBA9 /* GFBodyLabel.swift */; };
		161DF84B23BF4A9400B4EBA9 /* GFAlertVC.swift in Sources */ = {isa = PBXBuildFile; fileRef = 161DF84A23BF4A9400B4EBA9 /* GFAlertVC.swift */; };
		161DF84D23BF505700B4EBA9 /* UIViewController+Ext.swift in Sources */ = {isa = PBXBuildFile; fileRef = 161DF84C23BF505700B4EBA9 /* UIViewController+Ext.swift */; };
		161DF85423BF64B600B4EBA9 /* Follower.swift in Sources */ = {isa = PBXBuildFile; fileRef = 161DF85323BF64B600B4EBA9 /* Follower.swift */; };
		161DF85623BF65FC00B4EBA9 /* User.swift in Sources */ = {isa = PBXBuildFile; fileRef = 161DF85523BF65FC00B4EBA9 /* User.swift */; };
		1629FC6723C3A0ED0065FC4D /* NetworkManager.swift in Sources */ = {isa = PBXBuildFile; fileRef = 1629FC6623C3A0ED0065FC4D /* NetworkManager.swift */; };
		1629FC6A23C3DF1B0065FC4D /* GFError.swift in Sources */ = {isa = PBXBuildFile; fileRef = 1629FC6923C3DF1B0065FC4D /* GFError.swift */; };
		1629FC6D23C4EC8F0065FC4D /* FollowerCell.swift in Sources */ = {isa = PBXBuildFile; fileRef = 1629FC6C23C4EC8F0065FC4D /* FollowerCell.swift */; };
		1629FC6F23C4ED0B0065FC4D /* GFAvatarImageView.swift in Sources */ = {isa = PBXBuildFile; fileRef = 1629FC6E23C4ED0B0065FC4D /* GFAvatarImageView.swift */; };
		1629FC7123C5F17B0065FC4D /* UIHelper.swift in Sources */ = {isa = PBXBuildFile; fileRef = 1629FC7023C5F17B0065FC4D /* UIHelper.swift */; };
		16A1F44F23DF2CAE0040EF68 /* GFUserInfoHeaderVC.swift in Sources */ = {isa = PBXBuildFile; fileRef = 16A1F44E23DF2CAE0040EF68 /* GFUserInfoHeaderVC.swift */; };
		16A1F45123DF2CFF0040EF68 /* GFSecondaryTitleLabel.swift in Sources */ = {isa = PBXBuildFile; fileRef = 16A1F45023DF2CFF0040EF68 /* GFSecondaryTitleLabel.swift */; };
		16A1F45323DF34670040EF68 /* Constants.swift in Sources */ = {isa = PBXBuildFile; fileRef = 16A1F45223DF34670040EF68 /* Constants.swift */; };
		16A1F45523DF44B70040EF68 /* GFItemInfoView.swift in Sources */ = {isa = PBXBuildFile; fileRef = 16A1F45423DF44B70040EF68 /* GFItemInfoView.swift */; };
		16A1F45723DF48FE0040EF68 /* GFItemInfoVC.swift in Sources */ = {isa = PBXBuildFile; fileRef = 16A1F45623DF48FE0040EF68 /* GFItemInfoVC.swift */; };
		16D95C9623B93FE200D9B1C6 /* AppDelegate.swift in Sources */ = {isa = PBXBuildFile; fileRef = 16D95C9523B93FE200D9B1C6 /* AppDelegate.swift */; };
		16D95C9823B93FE200D9B1C6 /* SceneDelegate.swift in Sources */ = {isa = PBXBuildFile; fileRef = 16D95C9723B93FE200D9B1C6 /* SceneDelegate.swift */; };
		16D95C9F23B93FE300D9B1C6 /* Assets.xcassets in Resources */ = {isa = PBXBuildFile; fileRef = 16D95C9E23B93FE300D9B1C6 /* Assets.xcassets */; };
		16D95CA223B93FE300D9B1C6 /* LaunchScreen.storyboard in Resources */ = {isa = PBXBuildFile; fileRef = 16D95CA023B93FE300D9B1C6 /* LaunchScreen.storyboard */; };
		16D95CAA23B966A600D9B1C6 /* SearchVC.swift in Sources */ = {isa = PBXBuildFile; fileRef = 16D95CA923B966A600D9B1C6 /* SearchVC.swift */; };
		16D95CAC23B966C500D9B1C6 /* FavoritesListVC.swift in Sources */ = {isa = PBXBuildFile; fileRef = 16D95CAB23B966C500D9B1C6 /* FavoritesListVC.swift */; };
		273C712E23E03DFB008A1D29 /* GFRepoItemVC.swift in Sources */ = {isa = PBXBuildFile; fileRef = 273C712D23E03DFB008A1D29 /* GFRepoItemVC.swift */; };
		273C713023E03F8D008A1D29 /* GFFollowerItemVC.swift in Sources */ = {isa = PBXBuildFile; fileRef = 273C712F23E03F8D008A1D29 /* GFFollowerItemVC.swift */; };
		27F1ED0923EC1E3200F1B99E /* GFTabBarController.swift in Sources */ = {isa = PBXBuildFile; fileRef = 27F1ED0823EC1E3200F1B99E /* GFTabBarController.swift */; };
		27F1ED0B23EC259B00F1B99E /* GFAlertContainerView.swift in Sources */ = {isa = PBXBuildFile; fileRef = 27F1ED0A23EC259B00F1B99E /* GFAlertContainerView.swift */; };
		27F1ED0D23EC2B3300F1B99E /* GFDataLoadingVC.swift in Sources */ = {isa = PBXBuildFile; fileRef = 27F1ED0C23EC2B3300F1B99E /* GFDataLoadingVC.swift */; };
		27F1ED0F23EC331F00F1B99E /* UIViewExtension.swift in Sources */ = {isa = PBXBuildFile; fileRef = 27F1ED0E23EC331F00F1B99E /* UIViewExtension.swift */; };
		27F1ED1123EC3EC900F1B99E /* UITableViewExtension.swift in Sources */ = {isa = PBXBuildFile; fileRef = 27F1ED1023EC3EC900F1B99E /* UITableViewExtension.swift */; };
		27F374DE23E04D7F003E27FA /* DateExtension.swift in Sources */ = {isa = PBXBuildFile; fileRef = 27F374DD23E04D7F003E27FA /* DateExtension.swift */; };
		27F374E223E0717D003E27FA /* PersistenceManager.swift in Sources */ = {isa = PBXBuildFile; fileRef = 27F374E123E0717D003E27FA /* PersistenceManager.swift */; };
		27F374E423E08821003E27FA /* FavoriteCell.swift in Sources */ = {isa = PBXBuildFile; fileRef = 27F374E323E08821003E27FA /* FavoriteCell.swift */; };
/* End PBXBuildFile section */

/* Begin PBXFileReference section */
		161DE3B223CE16A700DBBDD9 /* GFEmptyStateView.swift */ = {isa = PBXFileReference; lastKnownFileType = sourcecode.swift; path = GFEmptyStateView.swift; sourceTree = "<group>"; };
		161DE3BD23CF206C00DBBDD9 /* UserInfoVC.swift */ = {isa = PBXFileReference; lastKnownFileType = sourcecode.swift; path = UserInfoVC.swift; sourceTree = "<group>"; };
		161DF84023BE42CD00B4EBA9 /* GFButton.swift */ = {isa = PBXFileReference; lastKnownFileType = sourcecode.swift; path = GFButton.swift; sourceTree = "<group>"; };
		161DF84223BE451900B4EBA9 /* GFTextField.swift */ = {isa = PBXFileReference; lastKnownFileType = sourcecode.swift; path = GFTextField.swift; sourceTree = "<group>"; };
		161DF84423BE5C1000B4EBA9 /* FollowerListVC.swift */ = {isa = PBXFileReference; lastKnownFileType = sourcecode.swift; path = FollowerListVC.swift; sourceTree = "<group>"; };
		161DF84623BF47C500B4EBA9 /* GFTitleLabel.swift */ = {isa = PBXFileReference; lastKnownFileType = sourcecode.swift; path = GFTitleLabel.swift; sourceTree = "<group>"; };
		161DF84823BF492D00B4EBA9 /* GFBodyLabel.swift */ = {isa = PBXFileReference; lastKnownFileType = sourcecode.swift; path = GFBodyLabel.swift; sourceTree = "<group>"; };
		161DF84A23BF4A9400B4EBA9 /* GFAlertVC.swift */ = {isa = PBXFileReference; lastKnownFileType = sourcecode.swift; path = GFAlertVC.swift; sourceTree = "<group>"; };
		161DF84C23BF505700B4EBA9 /* UIViewController+Ext.swift */ = {isa = PBXFileReference; lastKnownFileType = sourcecode.swift; path = "UIViewController+Ext.swift"; sourceTree = "<group>"; };
		161DF85323BF64B600B4EBA9 /* Follower.swift */ = {isa = PBXFileReference; lastKnownFileType = sourcecode.swift; path = Follower.swift; sourceTree = "<group>"; };
		161DF85523BF65FC00B4EBA9 /* User.swift */ = {isa = PBXFileReference; lastKnownFileType = sourcecode.swift; path = User.swift; sourceTree = "<group>"; };
		1629FC6623C3A0ED0065FC4D /* NetworkManager.swift */ = {isa = PBXFileReference; lastKnownFileType = sourcecode.swift; path = NetworkManager.swift; sourceTree = "<group>"; };
		1629FC6923C3DF1B0065FC4D /* GFError.swift */ = {isa = PBXFileReference; lastKnownFileType = sourcecode.swift; path = GFError.swift; sourceTree = "<group>"; };
		1629FC6C23C4EC8F0065FC4D /* FollowerCell.swift */ = {isa = PBXFileReference; lastKnownFileType = sourcecode.swift; path = FollowerCell.swift; sourceTree = "<group>"; };
		1629FC6E23C4ED0B0065FC4D /* GFAvatarImageView.swift */ = {isa = PBXFileReference; lastKnownFileType = sourcecode.swift; path = GFAvatarImageView.swift; sourceTree = "<group>"; };
		1629FC7023C5F17B0065FC4D /* UIHelper.swift */ = {isa = PBXFileReference; lastKnownFileType = sourcecode.swift; path = UIHelper.swift; sourceTree = "<group>"; };
		16A1F44E23DF2CAE0040EF68 /* GFUserInfoHeaderVC.swift */ = {isa = PBXFileReference; lastKnownFileType = sourcecode.swift; path = GFUserInfoHeaderVC.swift; sourceTree = "<group>"; };
		16A1F45023DF2CFF0040EF68 /* GFSecondaryTitleLabel.swift */ = {isa = PBXFileReference; lastKnownFileType = sourcecode.swift; path = GFSecondaryTitleLabel.swift; sourceTree = "<group>"; };
		16A1F45223DF34670040EF68 /* Constants.swift */ = {isa = PBXFileReference; lastKnownFileType = sourcecode.swift; path = Constants.swift; sourceTree = "<group>"; };
		16A1F45423DF44B70040EF68 /* GFItemInfoView.swift */ = {isa = PBXFileReference; lastKnownFileType = sourcecode.swift; path = GFItemInfoView.swift; sourceTree = "<group>"; };
		16A1F45623DF48FE0040EF68 /* GFItemInfoVC.swift */ = {isa = PBXFileReference; lastKnownFileType = sourcecode.swift; path = GFItemInfoVC.swift; sourceTree = "<group>"; };
		16D95C9223B93FE200D9B1C6 /* GitFollowers.app */ = {isa = PBXFileReference; explicitFileType = wrapper.application; includeInIndex = 0; path = GitFollowers.app; sourceTree = BUILT_PRODUCTS_DIR; };
		16D95C9523B93FE200D9B1C6 /* AppDelegate.swift */ = {isa = PBXFileReference; lastKnownFileType = sourcecode.swift; path = AppDelegate.swift; sourceTree = "<group>"; };
		16D95C9723B93FE200D9B1C6 /* SceneDelegate.swift */ = {isa = PBXFileReference; lastKnownFileType = sourcecode.swift; path = SceneDelegate.swift; sourceTree = "<group>"; };
		16D95C9E23B93FE300D9B1C6 /* Assets.xcassets */ = {isa = PBXFileReference; lastKnownFileType = folder.assetcatalog; path = Assets.xcassets; sourceTree = "<group>"; };
		16D95CA123B93FE300D9B1C6 /* Base */ = {isa = PBXFileReference; lastKnownFileType = file.storyboard; name = Base; path = Base.lproj/LaunchScreen.storyboard; sourceTree = "<group>"; };
		16D95CA323B93FE300D9B1C6 /* Info.plist */ = {isa = PBXFileReference; lastKnownFileType = text.plist.xml; path = Info.plist; sourceTree = "<group>"; };
		16D95CA923B966A600D9B1C6 /* SearchVC.swift */ = {isa = PBXFileReference; lastKnownFileType = sourcecode.swift; path = SearchVC.swift; sourceTree = "<group>"; };
		16D95CAB23B966C500D9B1C6 /* FavoritesListVC.swift */ = {isa = PBXFileReference; lastKnownFileType = sourcecode.swift; path = FavoritesListVC.swift; sourceTree = "<group>"; };
		273C712D23E03DFB008A1D29 /* GFRepoItemVC.swift */ = {isa = PBXFileReference; lastKnownFileType = sourcecode.swift; path = GFRepoItemVC.swift; sourceTree = "<group>"; };
		273C712F23E03F8D008A1D29 /* GFFollowerItemVC.swift */ = {isa = PBXFileReference; lastKnownFileType = sourcecode.swift; path = GFFollowerItemVC.swift; sourceTree = "<group>"; };
		27F1ED0823EC1E3200F1B99E /* GFTabBarController.swift */ = {isa = PBXFileReference; lastKnownFileType = sourcecode.swift; path = GFTabBarController.swift; sourceTree = "<group>"; };
		27F1ED0A23EC259B00F1B99E /* GFAlertContainerView.swift */ = {isa = PBXFileReference; lastKnownFileType = sourcecode.swift; path = GFAlertContainerView.swift; sourceTree = "<group>"; };
		27F1ED0C23EC2B3300F1B99E /* GFDataLoadingVC.swift */ = {isa = PBXFileReference; lastKnownFileType = sourcecode.swift; path = GFDataLoadingVC.swift; sourceTree = "<group>"; };
		27F1ED0E23EC331F00F1B99E /* UIViewExtension.swift */ = {isa = PBXFileReference; lastKnownFileType = sourcecode.swift; path = UIViewExtension.swift; sourceTree = "<group>"; };
		27F1ED1023EC3EC900F1B99E /* UITableViewExtension.swift */ = {isa = PBXFileReference; lastKnownFileType = sourcecode.swift; path = UITableViewExtension.swift; sourceTree = "<group>"; };
		27F374DD23E04D7F003E27FA /* DateExtension.swift */ = {isa = PBXFileReference; lastKnownFileType = sourcecode.swift; path = DateExtension.swift; sourceTree = "<group>"; };
		27F374E123E0717D003E27FA /* PersistenceManager.swift */ = {isa = PBXFileReference; lastKnownFileType = sourcecode.swift; path = PersistenceManager.swift; sourceTree = "<group>"; };
		27F374E323E08821003E27FA /* FavoriteCell.swift */ = {isa = PBXFileReference; lastKnownFileType = sourcecode.swift; path = FavoriteCell.swift; sourceTree = "<group>"; };
/* End PBXFileReference section */

/* Begin PBXFrameworksBuildPhase section */
		16D95C8F23B93FE200D9B1C6 /* Frameworks */ = {
			isa = PBXFrameworksBuildPhase;
			buildActionMask = 2147483647;
			files = (
			);
			runOnlyForDeploymentPostprocessing = 0;
		};
/* End PBXFrameworksBuildPhase section */

/* Begin PBXGroup section */
		161DE3AB23CE164200DBBDD9 /* Views */ = {
			isa = PBXGroup;
			children = (
				161DE3B223CE16A700DBBDD9 /* GFEmptyStateView.swift */,
				16A1F45423DF44B70040EF68 /* GFItemInfoView.swift */,
				27F1ED0A23EC259B00F1B99E /* GFAlertContainerView.swift */,
			);
			path = Views;
			sourceTree = "<group>";
		};
		161DE3AC23CE164C00DBBDD9 /* Buttons */ = {
			isa = PBXGroup;
			children = (
				161DF84023BE42CD00B4EBA9 /* GFButton.swift */,
			);
			path = Buttons;
			sourceTree = "<group>";
		};
		161DE3AE23CE165F00DBBDD9 /* TextFields */ = {
			isa = PBXGroup;
			children = (
				161DF84223BE451900B4EBA9 /* GFTextField.swift */,
			);
			path = TextFields;
			sourceTree = "<group>";
		};
		161DE3AF23CE166800DBBDD9 /* ImageViews */ = {
			isa = PBXGroup;
			children = (
				1629FC6E23C4ED0B0065FC4D /* GFAvatarImageView.swift */,
			);
			path = ImageViews;
			sourceTree = "<group>";
		};
		161DE3B023CE167100DBBDD9 /* ViewControllers */ = {
			isa = PBXGroup;
			children = (
				273C713123E04B66008A1D29 /* ItemInfoVCs */,
				161DF84A23BF4A9400B4EBA9 /* GFAlertVC.swift */,
				16A1F44E23DF2CAE0040EF68 /* GFUserInfoHeaderVC.swift */,
				27F1ED0C23EC2B3300F1B99E /* GFDataLoadingVC.swift */,
			);
			path = ViewControllers;
			sourceTree = "<group>";
		};
		161DE3B123CE168400DBBDD9 /* Labels */ = {
			isa = PBXGroup;
			children = (
				161DF84623BF47C500B4EBA9 /* GFTitleLabel.swift */,
				161DF84823BF492D00B4EBA9 /* GFBodyLabel.swift */,
				16A1F45023DF2CFF0040EF68 /* GFSecondaryTitleLabel.swift */,
			);
			path = Labels;
			sourceTree = "<group>";
		};
		161DF84E23BF549400B4EBA9 /* Screens */ = {
			isa = PBXGroup;
			children = (
				16D95CA923B966A600D9B1C6 /* SearchVC.swift */,
				16D95CAB23B966C500D9B1C6 /* FavoritesListVC.swift */,
				161DF84423BE5C1000B4EBA9 /* FollowerListVC.swift */,
				161DE3BD23CF206C00DBBDD9 /* UserInfoVC.swift */,
			);
			path = Screens;
			sourceTree = "<group>";
		};
		161DF84F23BF54A800B4EBA9 /* Custom Views */ = {
			isa = PBXGroup;
			children = (
				27F1ED0723EC1E1700F1B99E /* TabBarControllers */,
				161DE3B123CE168400DBBDD9 /* Labels */,
				161DE3B023CE167100DBBDD9 /* ViewControllers */,
				161DE3AF23CE166800DBBDD9 /* ImageViews */,
				161DE3AE23CE165F00DBBDD9 /* TextFields */,
				161DE3AC23CE164C00DBBDD9 /* Buttons */,
				161DE3AB23CE164200DBBDD9 /* Views */,
				1629FC6B23C4EC690065FC4D /* Cells */,
			);
			path = "Custom Views";
			sourceTree = "<group>";
		};
		161DF85023BF54B800B4EBA9 /* Extensions */ = {
			isa = PBXGroup;
			children = (
				161DF84C23BF505700B4EBA9 /* UIViewController+Ext.swift */,
				27F374DD23E04D7F003E27FA /* DateExtension.swift */,
				27F1ED0E23EC331F00F1B99E /* UIViewExtension.swift */,
				27F1ED1023EC3EC900F1B99E /* UITableViewExtension.swift */,
			);
			path = Extensions;
			sourceTree = "<group>";
		};
		161DF85123BF54C000B4EBA9 /* Support */ = {
			isa = PBXGroup;
			children = (
				16D95C9523B93FE200D9B1C6 /* AppDelegate.swift */,
				16D95C9723B93FE200D9B1C6 /* SceneDelegate.swift */,
				16D95C9E23B93FE300D9B1C6 /* Assets.xcassets */,
				16D95CA023B93FE300D9B1C6 /* LaunchScreen.storyboard */,
			);
			path = Support;
			sourceTree = "<group>";
		};
		161DF85223BF64A300B4EBA9 /* Model */ = {
			isa = PBXGroup;
			children = (
				161DF85323BF64B600B4EBA9 /* Follower.swift */,
				161DF85523BF65FC00B4EBA9 /* User.swift */,
			);
			path = Model;
			sourceTree = "<group>";
		};
		1629FC6523C3A0D40065FC4D /* Managers */ = {
			isa = PBXGroup;
			children = (
				1629FC6623C3A0ED0065FC4D /* NetworkManager.swift */,
				27F374E123E0717D003E27FA /* PersistenceManager.swift */,
			);
			path = Managers;
			sourceTree = "<group>";
		};
		1629FC6823C3DF0A0065FC4D /* Utilities */ = {
			isa = PBXGroup;
			children = (
				1629FC6923C3DF1B0065FC4D /* GFError.swift */,
				1629FC7023C5F17B0065FC4D /* UIHelper.swift */,
				16A1F45223DF34670040EF68 /* Constants.swift */,
			);
			path = Utilities;
			sourceTree = "<group>";
		};
		1629FC6B23C4EC690065FC4D /* Cells */ = {
			isa = PBXGroup;
			children = (
				1629FC6C23C4EC8F0065FC4D /* FollowerCell.swift */,
				27F374E323E08821003E27FA /* FavoriteCell.swift */,
			);
			path = Cells;
			sourceTree = "<group>";
		};
		16D95C8923B93FE200D9B1C6 = {
			isa = PBXGroup;
			children = (
				16D95C9423B93FE200D9B1C6 /* GitFollowers */,
				16D95C9323B93FE200D9B1C6 /* Products */,
			);
			sourceTree = "<group>";
		};
		16D95C9323B93FE200D9B1C6 /* Products */ = {
			isa = PBXGroup;
			children = (
				16D95C9223B93FE200D9B1C6 /* GitFollowers.app */,
			);
			name = Products;
			sourceTree = "<group>";
		};
		16D95C9423B93FE200D9B1C6 /* GitFollowers */ = {
			isa = PBXGroup;
			children = (
				1629FC6823C3DF0A0065FC4D /* Utilities */,
				1629FC6523C3A0D40065FC4D /* Managers */,
				161DF85223BF64A300B4EBA9 /* Model */,
				161DF85023BF54B800B4EBA9 /* Extensions */,
				161DF84F23BF54A800B4EBA9 /* Custom Views */,
				161DF84E23BF549400B4EBA9 /* Screens */,
				161DF85123BF54C000B4EBA9 /* Support */,
				16D95CA323B93FE300D9B1C6 /* Info.plist */,
			);
			path = GitFollowers;
			sourceTree = "<group>";
		};
		273C713123E04B66008A1D29 /* ItemInfoVCs */ = {
			isa = PBXGroup;
			children = (
				16A1F45623DF48FE0040EF68 /* GFItemInfoVC.swift */,
				273C712D23E03DFB008A1D29 /* GFRepoItemVC.swift */,
				273C712F23E03F8D008A1D29 /* GFFollowerItemVC.swift */,
			);
			path = ItemInfoVCs;
			sourceTree = "<group>";
		};
		27F1ED0723EC1E1700F1B99E /* TabBarControllers */ = {
			isa = PBXGroup;
			children = (
				27F1ED0823EC1E3200F1B99E /* GFTabBarController.swift */,
			);
			path = TabBarControllers;
			sourceTree = "<group>";
		};
/* End PBXGroup section */

/* Begin PBXNativeTarget section */
		16D95C9123B93FE200D9B1C6 /* GitFollowers */ = {
			isa = PBXNativeTarget;
			buildConfigurationList = 16D95CA623B93FE300D9B1C6 /* Build configuration list for PBXNativeTarget "GitFollowers" */;
			buildPhases = (
				16D95C8E23B93FE200D9B1C6 /* Sources */,
				16D95C8F23B93FE200D9B1C6 /* Frameworks */,
				16D95C9023B93FE200D9B1C6 /* Resources */,
			);
			buildRules = (
			);
			dependencies = (
			);
			name = GitFollowers;
			productName = GitFollowers;
			productReference = 16D95C9223B93FE200D9B1C6 /* GitFollowers.app */;
			productType = "com.apple.product-type.application";
		};
/* End PBXNativeTarget section */

/* Begin PBXProject section */
		16D95C8A23B93FE200D9B1C6 /* Project object */ = {
			isa = PBXProject;
			attributes = {
				LastSwiftUpdateCheck = 1120;
				LastUpgradeCheck = 1120;
				ORGANIZATIONNAME = "Miguel Teixeira";
				TargetAttributes = {
					16D95C9123B93FE200D9B1C6 = {
						CreatedOnToolsVersion = 11.2.1;
					};
				};
			};
			buildConfigurationList = 16D95C8D23B93FE200D9B1C6 /* Build configuration list for PBXProject "GitFollowers" */;
			compatibilityVersion = "Xcode 9.3";
			developmentRegion = en;
			hasScannedForEncodings = 0;
			knownRegions = (
				en,
				Base,
			);
			mainGroup = 16D95C8923B93FE200D9B1C6;
			productRefGroup = 16D95C9323B93FE200D9B1C6 /* Products */;
			projectDirPath = "";
			projectRoot = "";
			targets = (
				16D95C9123B93FE200D9B1C6 /* GitFollowers */,
			);
		};
/* End PBXProject section */

/* Begin PBXResourcesBuildPhase section */
		16D95C9023B93FE200D9B1C6 /* Resources */ = {
			isa = PBXResourcesBuildPhase;
			buildActionMask = 2147483647;
			files = (
				16D95CA223B93FE300D9B1C6 /* LaunchScreen.storyboard in Resources */,
				16D95C9F23B93FE300D9B1C6 /* Assets.xcassets in Resources */,
			);
			runOnlyForDeploymentPostprocessing = 0;
		};
/* End PBXResourcesBuildPhase section */

/* Begin PBXSourcesBuildPhase section */
		16D95C8E23B93FE200D9B1C6 /* Sources */ = {
			isa = PBXSourcesBuildPhase;
			buildActionMask = 2147483647;
			files = (
				161DF85623BF65FC00B4EBA9 /* User.swift in Sources */,
				27F374DE23E04D7F003E27FA /* DateExtension.swift in Sources */,
				161DF84323BE451900B4EBA9 /* GFTextField.swift in Sources */,
				16D95CAC23B966C500D9B1C6 /* FavoritesListVC.swift in Sources */,
				273C713023E03F8D008A1D29 /* GFFollowerItemVC.swift in Sources */,
				161DF84123BE42CD00B4EBA9 /* GFButton.swift in Sources */,
				27F1ED1123EC3EC900F1B99E /* UITableViewExtension.swift in Sources */,
				161DF84D23BF505700B4EBA9 /* UIViewController+Ext.swift in Sources */,
				1629FC7123C5F17B0065FC4D /* UIHelper.swift in Sources */,
				27F1ED0F23EC331F00F1B99E /* UIViewExtension.swift in Sources */,
				16A1F45723DF48FE0040EF68 /* GFItemInfoVC.swift in Sources */,
				16A1F45323DF34670040EF68 /* Constants.swift in Sources */,
				1629FC6F23C4ED0B0065FC4D /* GFAvatarImageView.swift in Sources */,
				16D95CAA23B966A600D9B1C6 /* SearchVC.swift in Sources */,
				161DF84B23BF4A9400B4EBA9 /* GFAlertVC.swift in Sources */,
				27F374E423E08821003E27FA /* FavoriteCell.swift in Sources */,
				16A1F45523DF44B70040EF68 /* GFItemInfoView.swift in Sources */,
				27F1ED0923EC1E3200F1B99E /* GFTabBarController.swift in Sources */,
				1629FC6D23C4EC8F0065FC4D /* FollowerCell.swift in Sources */,
				1629FC6A23C3DF1B0065FC4D /* GFError.swift in Sources */,
				16A1F44F23DF2CAE0040EF68 /* GFUserInfoHeaderVC.swift in Sources */,
				27F1ED0D23EC2B3300F1B99E /* GFDataLoadingVC.swift in Sources */,
				161DF84923BF492D00B4EBA9 /* GFBodyLabel.swift in Sources */,
				27F1ED0B23EC259B00F1B99E /* GFAlertContainerView.swift in Sources */,
				161DF85423BF64B600B4EBA9 /* Follower.swift in Sources */,
				161DF84723BF47C500B4EBA9 /* GFTitleLabel.swift in Sources */,
				27F374E223E0717D003E27FA /* PersistenceManager.swift in Sources */,
				16A1F45123DF2CFF0040EF68 /* GFSecondaryTitleLabel.swift in Sources */,
				161DE3B323CE16A700DBBDD9 /* GFEmptyStateView.swift in Sources */,
				1629FC6723C3A0ED0065FC4D /* NetworkManager.swift in Sources */,
				161DF84523BE5C1000B4EBA9 /* FollowerListVC.swift in Sources */,
				16D95C9623B93FE200D9B1C6 /* AppDelegate.swift in Sources */,
				16D95C9823B93FE200D9B1C6 /* SceneDelegate.swift in Sources */,
				273C712E23E03DFB008A1D29 /* GFRepoItemVC.swift in Sources */,
				161DE3BE23CF206C00DBBDD9 /* UserInfoVC.swift in Sources */,
			);
			runOnlyForDeploymentPostprocessing = 0;
		};
/* End PBXSourcesBuildPhase section */

/* Begin PBXVariantGroup section */
		16D95CA023B93FE300D9B1C6 /* LaunchScreen.storyboard */ = {
			isa = PBXVariantGroup;
			children = (
				16D95CA123B93FE300D9B1C6 /* Base */,
			);
			name = LaunchScreen.storyboard;
			sourceTree = "<group>";
		};
/* End PBXVariantGroup section */

/* Begin XCBuildConfiguration section */
		16D95CA423B93FE300D9B1C6 /* Debug */ = {
			isa = XCBuildConfiguration;
			buildSettings = {
				ALWAYS_SEARCH_USER_PATHS = NO;
				CLANG_ANALYZER_NONNULL = YES;
				CLANG_ANALYZER_NUMBER_OBJECT_CONVERSION = YES_AGGRESSIVE;
				CLANG_CXX_LANGUAGE_STANDARD = "gnu++14";
				CLANG_CXX_LIBRARY = "libc++";
				CLANG_ENABLE_MODULES = YES;
				CLANG_ENABLE_OBJC_ARC = YES;
				CLANG_ENABLE_OBJC_WEAK = YES;
				CLANG_WARN_BLOCK_CAPTURE_AUTORELEASING = YES;
				CLANG_WARN_BOOL_CONVERSION = YES;
				CLANG_WARN_COMMA = YES;
				CLANG_WARN_CONSTANT_CONVERSION = YES;
				CLANG_WARN_DEPRECATED_OBJC_IMPLEMENTATIONS = YES;
				CLANG_WARN_DIRECT_OBJC_ISA_USAGE = YES_ERROR;
				CLANG_WARN_DOCUMENTATION_COMMENTS = YES;
				CLANG_WARN_EMPTY_BODY = YES;
				CLANG_WARN_ENUM_CONVERSION = YES;
				CLANG_WARN_INFINITE_RECURSION = YES;
				CLANG_WARN_INT_CONVERSION = YES;
				CLANG_WARN_NON_LITERAL_NULL_CONVERSION = YES;
				CLANG_WARN_OBJC_IMPLICIT_RETAIN_SELF = YES;
				CLANG_WARN_OBJC_LITERAL_CONVERSION = YES;
				CLANG_WARN_OBJC_ROOT_CLASS = YES_ERROR;
				CLANG_WARN_RANGE_LOOP_ANALYSIS = YES;
				CLANG_WARN_STRICT_PROTOTYPES = YES;
				CLANG_WARN_SUSPICIOUS_MOVE = YES;
				CLANG_WARN_UNGUARDED_AVAILABILITY = YES_AGGRESSIVE;
				CLANG_WARN_UNREACHABLE_CODE = YES;
				CLANG_WARN__DUPLICATE_METHOD_MATCH = YES;
				COPY_PHASE_STRIP = NO;
				DEBUG_INFORMATION_FORMAT = dwarf;
				ENABLE_STRICT_OBJC_MSGSEND = YES;
				ENABLE_TESTABILITY = YES;
				GCC_C_LANGUAGE_STANDARD = gnu11;
				GCC_DYNAMIC_NO_PIC = NO;
				GCC_NO_COMMON_BLOCKS = YES;
				GCC_OPTIMIZATION_LEVEL = 0;
				GCC_PREPROCESSOR_DEFINITIONS = (
					"DEBUG=1",
					"$(inherited)",
				);
				GCC_WARN_64_TO_32_BIT_CONVERSION = YES;
				GCC_WARN_ABOUT_RETURN_TYPE = YES_ERROR;
				GCC_WARN_UNDECLARED_SELECTOR = YES;
				GCC_WARN_UNINITIALIZED_AUTOS = YES_AGGRESSIVE;
				GCC_WARN_UNUSED_FUNCTION = YES;
				GCC_WARN_UNUSED_VARIABLE = YES;
				IPHONEOS_DEPLOYMENT_TARGET = 13.2;
				MTL_ENABLE_DEBUG_INFO = INCLUDE_SOURCE;
				MTL_FAST_MATH = YES;
				ONLY_ACTIVE_ARCH = YES;
				SDKROOT = iphoneos;
				SWIFT_ACTIVE_COMPILATION_CONDITIONS = DEBUG;
				SWIFT_OPTIMIZATION_LEVEL = "-Onone";
			};
			name = Debug;
		};
		16D95CA523B93FE300D9B1C6 /* Release */ = {
			isa = XCBuildConfiguration;
			buildSettings = {
				ALWAYS_SEARCH_USER_PATHS = NO;
				CLANG_ANALYZER_NONNULL = YES;
				CLANG_ANALYZER_NUMBER_OBJECT_CONVERSION = YES_AGGRESSIVE;
				CLANG_CXX_LANGUAGE_STANDARD = "gnu++14";
				CLANG_CXX_LIBRARY = "libc++";
				CLANG_ENABLE_MODULES = YES;
				CLANG_ENABLE_OBJC_ARC = YES;
				CLANG_ENABLE_OBJC_WEAK = YES;
				CLANG_WARN_BLOCK_CAPTURE_AUTORELEASING = YES;
				CLANG_WARN_BOOL_CONVERSION = YES;
				CLANG_WARN_COMMA = YES;
				CLANG_WARN_CONSTANT_CONVERSION = YES;
				CLANG_WARN_DEPRECATED_OBJC_IMPLEMENTATIONS = YES;
				CLANG_WARN_DIRECT_OBJC_ISA_USAGE = YES_ERROR;
				CLANG_WARN_DOCUMENTATION_COMMENTS = YES;
				CLANG_WARN_EMPTY_BODY = YES;
				CLANG_WARN_ENUM_CONVERSION = YES;
				CLANG_WARN_INFINITE_RECURSION = YES;
				CLANG_WARN_INT_CONVERSION = YES;
				CLANG_WARN_NON_LITERAL_NULL_CONVERSION = YES;
				CLANG_WARN_OBJC_IMPLICIT_RETAIN_SELF = YES;
				CLANG_WARN_OBJC_LITERAL_CONVERSION = YES;
				CLANG_WARN_OBJC_ROOT_CLASS = YES_ERROR;
				CLANG_WARN_RANGE_LOOP_ANALYSIS = YES;
				CLANG_WARN_STRICT_PROTOTYPES = YES;
				CLANG_WARN_SUSPICIOUS_MOVE = YES;
				CLANG_WARN_UNGUARDED_AVAILABILITY = YES_AGGRESSIVE;
				CLANG_WARN_UNREACHABLE_CODE = YES;
				CLANG_WARN__DUPLICATE_METHOD_MATCH = YES;
				COPY_PHASE_STRIP = NO;
				DEBUG_INFORMATION_FORMAT = "dwarf-with-dsym";
				ENABLE_NS_ASSERTIONS = NO;
				ENABLE_STRICT_OBJC_MSGSEND = YES;
				GCC_C_LANGUAGE_STANDARD = gnu11;
				GCC_NO_COMMON_BLOCKS = YES;
				GCC_WARN_64_TO_32_BIT_CONVERSION = YES;
				GCC_WARN_ABOUT_RETURN_TYPE = YES_ERROR;
				GCC_WARN_UNDECLARED_SELECTOR = YES;
				GCC_WARN_UNINITIALIZED_AUTOS = YES_AGGRESSIVE;
				GCC_WARN_UNUSED_FUNCTION = YES;
				GCC_WARN_UNUSED_VARIABLE = YES;
				IPHONEOS_DEPLOYMENT_TARGET = 13.2;
				MTL_ENABLE_DEBUG_INFO = NO;
				MTL_FAST_MATH = YES;
				SDKROOT = iphoneos;
				SWIFT_COMPILATION_MODE = wholemodule;
				SWIFT_OPTIMIZATION_LEVEL = "-O";
				VALIDATE_PRODUCT = YES;
			};
			name = Release;
		};
		16D95CA723B93FE300D9B1C6 /* Debug */ = {
			isa = XCBuildConfiguration;
			buildSettings = {
				ASSETCATALOG_COMPILER_APPICON_NAME = AppIcon;
				CODE_SIGN_STYLE = Automatic;
				DEVELOPMENT_TEAM = U5QL3W6RAW;
				INFOPLIST_FILE = GitFollowers/Info.plist;
				LD_RUNPATH_SEARCH_PATHS = (
					"$(inherited)",
					"@executable_path/Frameworks",
				);
				PRODUCT_BUNDLE_IDENTIFIER = org.miguelteixeira.GitFollowers;
				PRODUCT_NAME = "$(TARGET_NAME)";
				SWIFT_VERSION = 5.0;
				TARGETED_DEVICE_FAMILY = 1;
			};
			name = Debug;
		};
		16D95CA823B93FE300D9B1C6 /* Release */ = {
			isa = XCBuildConfiguration;
			buildSettings = {
				ASSETCATALOG_COMPILER_APPICON_NAME = AppIcon;
				CODE_SIGN_STYLE = Automatic;
				DEVELOPMENT_TEAM = U5QL3W6RAW;
				INFOPLIST_FILE = GitFollowers/Info.plist;
				LD_RUNPATH_SEARCH_PATHS = (
					"$(inherited)",
					"@executable_path/Frameworks",
				);
				PRODUCT_BUNDLE_IDENTIFIER = org.miguelteixeira.GitFollowers;
				PRODUCT_NAME = "$(TARGET_NAME)";
				SWIFT_VERSION = 5.0;
				TARGETED_DEVICE_FAMILY = 1;
			};
			name = Release;
		};
/* End XCBuildConfiguration section */

/* Begin XCConfigurationList section */
		16D95C8D23B93FE200D9B1C6 /* Build configuration list for PBXProject "GitFollowers" */ = {
			isa = XCConfigurationList;
			buildConfigurations = (
				16D95CA423B93FE300D9B1C6 /* Debug */,
				16D95CA523B93FE300D9B1C6 /* Release */,
			);
			defaultConfigurationIsVisible = 0;
			defaultConfigurationName = Release;
		};
		16D95CA623B93FE300D9B1C6 /* Build configuration list for PBXNativeTarget "GitFollowers" */ = {
			isa = XCConfigurationList;
			buildConfigurations = (
				16D95CA723B93FE300D9B1C6 /* Debug */,
				16D95CA823B93FE300D9B1C6 /* Release */,
			);
			defaultConfigurationIsVisible = 0;
			defaultConfigurationName = Release;
		};
/* End XCConfigurationList section */
	};
	rootObject = 16D95C8A23B93FE200D9B1C6 /* Project object */;
}
